// !$*UTF8*$!
{
	archiveVersion = 1;
	classes = {
	};
	objectVersion = 51;
	objects = {

/* Begin PBXBuildFile section */
		766B397723D5A16000F2DA5F /* AppDelegate.swift in Sources */ = {isa = PBXBuildFile; fileRef = 766B397623D5A16000F2DA5F /* AppDelegate.swift */; };
		766B397923D5A16000F2DA5F /* SceneDelegate.swift in Sources */ = {isa = PBXBuildFile; fileRef = 766B397823D5A16000F2DA5F /* SceneDelegate.swift */; };
		766B397E23D5A16000F2DA5F /* Main.storyboard in Resources */ = {isa = PBXBuildFile; fileRef = 766B397C23D5A16000F2DA5F /* Main.storyboard */; };
		766B398023D5A16000F2DA5F /* Assets.xcassets in Resources */ = {isa = PBXBuildFile; fileRef = 766B397F23D5A16000F2DA5F /* Assets.xcassets */; };
		766B398323D5A16000F2DA5F /* LaunchScreen.storyboard in Resources */ = {isa = PBXBuildFile; fileRef = 766B398123D5A16000F2DA5F /* LaunchScreen.storyboard */; };
		766B398E23D5A1C900F2DA5F /* MainViewController.swift in Sources */ = {isa = PBXBuildFile; fileRef = 766B398D23D5A1C900F2DA5F /* MainViewController.swift */; };
		766B399223D5A2E700F2DA5F /* SettingsViewController.swift in Sources */ = {isa = PBXBuildFile; fileRef = 766B399123D5A2E700F2DA5F /* SettingsViewController.swift */; };
		76CDE79223D6C5280025C9F3 /* SettingViewController.swift in Sources */ = {isa = PBXBuildFile; fileRef = 76CDE79123D6C5280025C9F3 /* SettingViewController.swift */; };
		76CDE79423D6C89A0025C9F3 /* SettingsTableViewCell.swift in Sources */ = {isa = PBXBuildFile; fileRef = 76CDE79323D6C89A0025C9F3 /* SettingsTableViewCell.swift */; };
		76CDE79B23D6EDB00025C9F3 /* Settings.strings in Resources */ = {isa = PBXBuildFile; fileRef = 76CDE79D23D6EDB00025C9F3 /* Settings.strings */; };
		76F038CA23D6828E00B63C06 /* Localizable.strings in Resources */ = {isa = PBXBuildFile; fileRef = 76F038CC23D6828E00B63C06 /* Localizable.strings */; };
		CC1C661A742908C50F474989 /* Pods_WebcashStore_SettingsAndRecentVisited.framework in Frameworks */ = {isa = PBXBuildFile; fileRef = E96BBB3876F3002DA77C1409 /* Pods_WebcashStore_SettingsAndRecentVisited.framework */; };
/* End PBXBuildFile section */

/* Begin PBXFileReference section */
		0658E39DEE6DF45A4856C67D /* Pods-WebcashStore_SettingsAndRecentVisited.release.xcconfig */ = {isa = PBXFileReference; includeInIndex = 1; lastKnownFileType = text.xcconfig; name = "Pods-WebcashStore_SettingsAndRecentVisited.release.xcconfig"; path = "Target Support Files/Pods-WebcashStore_SettingsAndRecentVisited/Pods-WebcashStore_SettingsAndRecentVisited.release.xcconfig"; sourceTree = "<group>"; };
		766B397323D5A16000F2DA5F /* WebcashStore_SettingsAndRecentVisited.app */ = {isa = PBXFileReference; explicitFileType = wrapper.application; includeInIndex = 0; path = WebcashStore_SettingsAndRecentVisited.app; sourceTree = BUILT_PRODUCTS_DIR; };
		766B397623D5A16000F2DA5F /* AppDelegate.swift */ = {isa = PBXFileReference; lastKnownFileType = sourcecode.swift; path = AppDelegate.swift; sourceTree = "<group>"; };
		766B397823D5A16000F2DA5F /* SceneDelegate.swift */ = {isa = PBXFileReference; lastKnownFileType = sourcecode.swift; path = SceneDelegate.swift; sourceTree = "<group>"; };
		766B397D23D5A16000F2DA5F /* Base */ = {isa = PBXFileReference; lastKnownFileType = file.storyboard; name = Base; path = Base.lproj/Main.storyboard; sourceTree = "<group>"; };
		766B397F23D5A16000F2DA5F /* Assets.xcassets */ = {isa = PBXFileReference; lastKnownFileType = folder.assetcatalog; path = Assets.xcassets; sourceTree = "<group>"; };
		766B398223D5A16000F2DA5F /* Base */ = {isa = PBXFileReference; lastKnownFileType = file.storyboard; name = Base; path = Base.lproj/LaunchScreen.storyboard; sourceTree = "<group>"; };
		766B398423D5A16100F2DA5F /* Info.plist */ = {isa = PBXFileReference; lastKnownFileType = text.plist.xml; path = Info.plist; sourceTree = "<group>"; };
		766B398D23D5A1C900F2DA5F /* MainViewController.swift */ = {isa = PBXFileReference; lastKnownFileType = sourcecode.swift; path = MainViewController.swift; sourceTree = "<group>"; };
		766B399123D5A2E700F2DA5F /* SettingsViewController.swift */ = {isa = PBXFileReference; lastKnownFileType = sourcecode.swift; path = SettingsViewController.swift; sourceTree = "<group>"; };
		76CDE79123D6C5280025C9F3 /* SettingViewController.swift */ = {isa = PBXFileReference; lastKnownFileType = sourcecode.swift; path = SettingViewController.swift; sourceTree = "<group>"; };
		76CDE79323D6C89A0025C9F3 /* SettingsTableViewCell.swift */ = {isa = PBXFileReference; lastKnownFileType = sourcecode.swift; path = SettingsTableViewCell.swift; sourceTree = "<group>"; };
		76CDE79C23D6EDB00025C9F3 /* en */ = {isa = PBXFileReference; lastKnownFileType = text.plist.strings; name = en; path = en.lproj/Settings.strings; sourceTree = "<group>"; };
		76CDE79E23D6EDB20025C9F3 /* km */ = {isa = PBXFileReference; lastKnownFileType = text.plist.strings; name = km; path = km.lproj/Settings.strings; sourceTree = "<group>"; };
		76CDE79F23D6EDB30025C9F3 /* ko */ = {isa = PBXFileReference; lastKnownFileType = text.plist.strings; name = ko; path = ko.lproj/Settings.strings; sourceTree = "<group>"; };
		76F038CB23D6828E00B63C06 /* en */ = {isa = PBXFileReference; lastKnownFileType = text.plist.strings; name = en; path = en.lproj/Localizable.strings; sourceTree = "<group>"; };
		76F038CD23D6829D00B63C06 /* ko */ = {isa = PBXFileReference; lastKnownFileType = text.plist.strings; name = ko; path = ko.lproj/Localizable.strings; sourceTree = "<group>"; };
		76F038CE23D682B800B63C06 /* km */ = {isa = PBXFileReference; lastKnownFileType = text.plist.strings; name = km; path = km.lproj/Localizable.strings; sourceTree = "<group>"; };
		D6B1E16B22D953DD14F583D1 /* Pods-WebcashStore_SettingsAndRecentVisited.debug.xcconfig */ = {isa = PBXFileReference; includeInIndex = 1; lastKnownFileType = text.xcconfig; name = "Pods-WebcashStore_SettingsAndRecentVisited.debug.xcconfig"; path = "Target Support Files/Pods-WebcashStore_SettingsAndRecentVisited/Pods-WebcashStore_SettingsAndRecentVisited.debug.xcconfig"; sourceTree = "<group>"; };
		E96BBB3876F3002DA77C1409 /* Pods_WebcashStore_SettingsAndRecentVisited.framework */ = {isa = PBXFileReference; explicitFileType = wrapper.framework; includeInIndex = 0; path = Pods_WebcashStore_SettingsAndRecentVisited.framework; sourceTree = BUILT_PRODUCTS_DIR; };
/* End PBXFileReference section */

/* Begin PBXFrameworksBuildPhase section */
		766B397023D5A16000F2DA5F /* Frameworks */ = {
			isa = PBXFrameworksBuildPhase;
			buildActionMask = 2147483647;
			files = (
				CC1C661A742908C50F474989 /* Pods_WebcashStore_SettingsAndRecentVisited.framework in Frameworks */,
			);
			runOnlyForDeploymentPostprocessing = 0;
		};
/* End PBXFrameworksBuildPhase section */

/* Begin PBXGroup section */
		125E48B3AFAE7DEDD9D3AF36 /* Pods */ = {
			isa = PBXGroup;
			children = (
				D6B1E16B22D953DD14F583D1 /* Pods-WebcashStore_SettingsAndRecentVisited.debug.xcconfig */,
				0658E39DEE6DF45A4856C67D /* Pods-WebcashStore_SettingsAndRecentVisited.release.xcconfig */,
			);
			path = Pods;
			sourceTree = "<group>";
		};
		766B396A23D5A16000F2DA5F = {
			isa = PBXGroup;
			children = (
				766B397523D5A16000F2DA5F /* WebcashStore_SettingsAndRecentVisited */,
				766B397423D5A16000F2DA5F /* Products */,
				125E48B3AFAE7DEDD9D3AF36 /* Pods */,
				91D6BC16AA116BAB3F78CA5E /* Frameworks */,
			);
			sourceTree = "<group>";
		};
		766B397423D5A16000F2DA5F /* Products */ = {
			isa = PBXGroup;
			children = (
				766B397323D5A16000F2DA5F /* WebcashStore_SettingsAndRecentVisited.app */,
			);
			name = Products;
			sourceTree = "<group>";
		};
		766B397523D5A16000F2DA5F /* WebcashStore_SettingsAndRecentVisited */ = {
			isa = PBXGroup;
			children = (
				76F038C623D6818E00B63C06 /* Resource */,
				76F038C523D6818600B63C06 /* AppDelegate */,
				766B398A23D5A18C00F2DA5F /* Application */,
			);
			path = WebcashStore_SettingsAndRecentVisited;
			sourceTree = "<group>";
		};
		766B398A23D5A18C00F2DA5F /* Application */ = {
			isa = PBXGroup;
			children = (
				766B398F23D5A1CE00F2DA5F /* Settings */,
				76F038C723D681AE00B63C06 /* Launch */,
				766B398C23D5A1AE00F2DA5F /* Main */,
				766B399023D5A1D800F2DA5F /* RecentVisited */,
			);
			path = Application;
			sourceTree = "<group>";
		};
		766B398C23D5A1AE00F2DA5F /* Main */ = {
			isa = PBXGroup;
			children = (
				766B397C23D5A16000F2DA5F /* Main.storyboard */,
				766B398D23D5A1C900F2DA5F /* MainViewController.swift */,
			);
			path = Main;
			sourceTree = "<group>";
		};
		766B398F23D5A1CE00F2DA5F /* Settings */ = {
			isa = PBXGroup;
			children = (
				766B399123D5A2E700F2DA5F /* SettingsViewController.swift */,
				76CDE79D23D6EDB00025C9F3 /* Settings.strings */,
				76F038CC23D6828E00B63C06 /* Localizable.strings */,
				76CDE79123D6C5280025C9F3 /* SettingViewController.swift */,
				76CDE79323D6C89A0025C9F3 /* SettingsTableViewCell.swift */,
			);
			path = Settings;
			sourceTree = "<group>";
		};
		766B399023D5A1D800F2DA5F /* RecentVisited */ = {
			isa = PBXGroup;
			children = (
			);
			path = RecentVisited;
			sourceTree = "<group>";
		};
		76F038C523D6818600B63C06 /* AppDelegate */ = {
			isa = PBXGroup;
			children = (
				766B397623D5A16000F2DA5F /* AppDelegate.swift */,
				766B397823D5A16000F2DA5F /* SceneDelegate.swift */,
			);
			path = AppDelegate;
			sourceTree = "<group>";
		};
		76F038C623D6818E00B63C06 /* Resource */ = {
			isa = PBXGroup;
			children = (
				766B397F23D5A16000F2DA5F /* Assets.xcassets */,
				766B398423D5A16100F2DA5F /* Info.plist */,
			);
			path = Resource;
			sourceTree = "<group>";
		};
		76F038C723D681AE00B63C06 /* Launch */ = {
			isa = PBXGroup;
			children = (
				766B398123D5A16000F2DA5F /* LaunchScreen.storyboard */,
			);
			path = Launch;
			sourceTree = "<group>";
		};
		91D6BC16AA116BAB3F78CA5E /* Frameworks */ = {
			isa = PBXGroup;
			children = (
				E96BBB3876F3002DA77C1409 /* Pods_WebcashStore_SettingsAndRecentVisited.framework */,
			);
			name = Frameworks;
			sourceTree = "<group>";
		};
/* End PBXGroup section */

/* Begin PBXNativeTarget section */
		766B397223D5A16000F2DA5F /* WebcashStore_SettingsAndRecentVisited */ = {
			isa = PBXNativeTarget;
			buildConfigurationList = 766B398723D5A16100F2DA5F /* Build configuration list for PBXNativeTarget "WebcashStore_SettingsAndRecentVisited" */;
			buildPhases = (
				F449BD554A006E3E8E5D29C6 /* [CP] Check Pods Manifest.lock */,
				766B396F23D5A16000F2DA5F /* Sources */,
				766B397023D5A16000F2DA5F /* Frameworks */,
				766B397123D5A16000F2DA5F /* Resources */,
				A304C86A5EE3FDDC32D14A41 /* [CP] Embed Pods Frameworks */,
			);
			buildRules = (
			);
			dependencies = (
			);
			name = WebcashStore_SettingsAndRecentVisited;
			productName = WebcashStore_SettingsAndRecentVisited;
			productReference = 766B397323D5A16000F2DA5F /* WebcashStore_SettingsAndRecentVisited.app */;
			productType = "com.apple.product-type.application";
		};
/* End PBXNativeTarget section */

/* Begin PBXProject section */
		766B396B23D5A16000F2DA5F /* Project object */ = {
			isa = PBXProject;
			attributes = {
				LastSwiftUpdateCheck = 1130;
				LastUpgradeCheck = 1130;
				ORGANIZATIONNAME = WebCash;
				TargetAttributes = {
					766B397223D5A16000F2DA5F = {
						CreatedOnToolsVersion = 11.3.1;
					};
				};
			};
			buildConfigurationList = 766B396E23D5A16000F2DA5F /* Build configuration list for PBXProject "WebcashStore_SettingsAndRecentVisited" */;
			compatibilityVersion = "Xcode 9.3";
			developmentRegion = en;
			hasScannedForEncodings = 0;
			knownRegions = (
				en,
				Base,
				ko,
				km,
			);
			mainGroup = 766B396A23D5A16000F2DA5F;
			productRefGroup = 766B397423D5A16000F2DA5F /* Products */;
			projectDirPath = "";
			projectRoot = "";
			targets = (
				766B397223D5A16000F2DA5F /* WebcashStore_SettingsAndRecentVisited */,
			);
		};
/* End PBXProject section */

/* Begin PBXResourcesBuildPhase section */
		766B397123D5A16000F2DA5F /* Resources */ = {
			isa = PBXResourcesBuildPhase;
			buildActionMask = 2147483647;
			files = (
				766B398323D5A16000F2DA5F /* LaunchScreen.storyboard in Resources */,
				76F038CA23D6828E00B63C06 /* Localizable.strings in Resources */,
				766B398023D5A16000F2DA5F /* Assets.xcassets in Resources */,
				766B397E23D5A16000F2DA5F /* Main.storyboard in Resources */,
				76CDE79B23D6EDB00025C9F3 /* Settings.strings in Resources */,
			);
			runOnlyForDeploymentPostprocessing = 0;
		};
/* End PBXResourcesBuildPhase section */

/* Begin PBXShellScriptBuildPhase section */
		A304C86A5EE3FDDC32D14A41 /* [CP] Embed Pods Frameworks */ = {
			isa = PBXShellScriptBuildPhase;
			buildActionMask = 2147483647;
			files = (
			);
			inputFileListPaths = (
				"${PODS_ROOT}/Target Support Files/Pods-WebcashStore_SettingsAndRecentVisited/Pods-WebcashStore_SettingsAndRecentVisited-frameworks-${CONFIGURATION}-input-files.xcfilelist",
			);
			name = "[CP] Embed Pods Frameworks";
			outputFileListPaths = (
				"${PODS_ROOT}/Target Support Files/Pods-WebcashStore_SettingsAndRecentVisited/Pods-WebcashStore_SettingsAndRecentVisited-frameworks-${CONFIGURATION}-output-files.xcfilelist",
			);
			runOnlyForDeploymentPostprocessing = 0;
			shellPath = /bin/sh;
			shellScript = "\"${PODS_ROOT}/Target Support Files/Pods-WebcashStore_SettingsAndRecentVisited/Pods-WebcashStore_SettingsAndRecentVisited-frameworks.sh\"\n";
			showEnvVarsInLog = 0;
		};
		F449BD554A006E3E8E5D29C6 /* [CP] Check Pods Manifest.lock */ = {
			isa = PBXShellScriptBuildPhase;
			buildActionMask = 2147483647;
			files = (
			);
			inputFileListPaths = (
			);
			inputPaths = (
				"${PODS_PODFILE_DIR_PATH}/Podfile.lock",
				"${PODS_ROOT}/Manifest.lock",
			);
			name = "[CP] Check Pods Manifest.lock";
			outputFileListPaths = (
			);
			outputPaths = (
				"$(DERIVED_FILE_DIR)/Pods-WebcashStore_SettingsAndRecentVisited-checkManifestLockResult.txt",
			);
			runOnlyForDeploymentPostprocessing = 0;
			shellPath = /bin/sh;
			shellScript = "diff \"${PODS_PODFILE_DIR_PATH}/Podfile.lock\" \"${PODS_ROOT}/Manifest.lock\" > /dev/null\nif [ $? != 0 ] ; then\n    # print error to STDERR\n    echo \"error: The sandbox is not in sync with the Podfile.lock. Run 'pod install' or update your CocoaPods installation.\" >&2\n    exit 1\nfi\n# This output is used by Xcode 'outputs' to avoid re-running this script phase.\necho \"SUCCESS\" > \"${SCRIPT_OUTPUT_FILE_0}\"\n";
			showEnvVarsInLog = 0;
		};
/* End PBXShellScriptBuildPhase section */

/* Begin PBXSourcesBuildPhase section */
		766B396F23D5A16000F2DA5F /* Sources */ = {
			isa = PBXSourcesBuildPhase;
			buildActionMask = 2147483647;
			files = (
				76CDE79223D6C5280025C9F3 /* SettingViewController.swift in Sources */,
				766B398E23D5A1C900F2DA5F /* MainViewController.swift in Sources */,
				76CDE79423D6C89A0025C9F3 /* SettingsTableViewCell.swift in Sources */,
				766B397723D5A16000F2DA5F /* AppDelegate.swift in Sources */,
				766B397923D5A16000F2DA5F /* SceneDelegate.swift in Sources */,
				766B399223D5A2E700F2DA5F /* SettingsViewController.swift in Sources */,
			);
			runOnlyForDeploymentPostprocessing = 0;
		};
/* End PBXSourcesBuildPhase section */

/* Begin PBXVariantGroup section */
		766B397C23D5A16000F2DA5F /* Main.storyboard */ = {
			isa = PBXVariantGroup;
			children = (
				766B397D23D5A16000F2DA5F /* Base */,
			);
			name = Main.storyboard;
			sourceTree = "<group>";
		};
		766B398123D5A16000F2DA5F /* LaunchScreen.storyboard */ = {
			isa = PBXVariantGroup;
			children = (
				766B398223D5A16000F2DA5F /* Base */,
			);
			name = LaunchScreen.storyboard;
			sourceTree = "<group>";
		};
		76CDE79D23D6EDB00025C9F3 /* Settings.strings */ = {
			isa = PBXVariantGroup;
			children = (
				76CDE79C23D6EDB00025C9F3 /* en */,
				76CDE79E23D6EDB20025C9F3 /* km */,
				76CDE79F23D6EDB30025C9F3 /* ko */,
			);
			name = Settings.strings;
			sourceTree = "<group>";
		};
		76F038CC23D6828E00B63C06 /* Localizable.strings */ = {
			isa = PBXVariantGroup;
			children = (
				76F038CB23D6828E00B63C06 /* en */,
				76F038CD23D6829D00B63C06 /* ko */,
				76F038CE23D682B800B63C06 /* km */,
			);
			name = Localizable.strings;
			sourceTree = "<group>";
		};
/* End PBXVariantGroup section */

/* Begin XCBuildConfiguration section */
		766B398523D5A16100F2DA5F /* Debug */ = {
			isa = XCBuildConfiguration;
			buildSettings = {
				ALWAYS_SEARCH_USER_PATHS = NO;
				CLANG_ANALYZER_LOCALIZABILITY_NONLOCALIZED = YES;
				CLANG_ANALYZER_NONNULL = YES;
				CLANG_ANALYZER_NUMBER_OBJECT_CONVERSION = YES_AGGRESSIVE;
				CLANG_CXX_LANGUAGE_STANDARD = "gnu++14";
				CLANG_CXX_LIBRARY = "libc++";
				CLANG_ENABLE_MODULES = YES;
				CLANG_ENABLE_OBJC_ARC = YES;
				CLANG_ENABLE_OBJC_WEAK = YES;
				CLANG_WARN_BLOCK_CAPTURE_AUTORELEASING = YES;
				CLANG_WARN_BOOL_CONVERSION = YES;
				CLANG_WARN_COMMA = YES;
				CLANG_WARN_CONSTANT_CONVERSION = YES;
				CLANG_WARN_DEPRECATED_OBJC_IMPLEMENTATIONS = YES;
				CLANG_WARN_DIRECT_OBJC_ISA_USAGE = YES_ERROR;
				CLANG_WARN_DOCUMENTATION_COMMENTS = YES;
				CLANG_WARN_EMPTY_BODY = YES;
				CLANG_WARN_ENUM_CONVERSION = YES;
				CLANG_WARN_INFINITE_RECURSION = YES;
				CLANG_WARN_INT_CONVERSION = YES;
				CLANG_WARN_NON_LITERAL_NULL_CONVERSION = YES;
				CLANG_WARN_OBJC_IMPLICIT_RETAIN_SELF = YES;
				CLANG_WARN_OBJC_LITERAL_CONVERSION = YES;
				CLANG_WARN_OBJC_ROOT_CLASS = YES_ERROR;
				CLANG_WARN_RANGE_LOOP_ANALYSIS = YES;
				CLANG_WARN_STRICT_PROTOTYPES = YES;
				CLANG_WARN_SUSPICIOUS_MOVE = YES;
				CLANG_WARN_UNGUARDED_AVAILABILITY = YES_AGGRESSIVE;
				CLANG_WARN_UNREACHABLE_CODE = YES;
				CLANG_WARN__DUPLICATE_METHOD_MATCH = YES;
				COPY_PHASE_STRIP = NO;
				DEBUG_INFORMATION_FORMAT = dwarf;
				ENABLE_STRICT_OBJC_MSGSEND = YES;
				ENABLE_TESTABILITY = YES;
				GCC_C_LANGUAGE_STANDARD = gnu11;
				GCC_DYNAMIC_NO_PIC = NO;
				GCC_NO_COMMON_BLOCKS = YES;
				GCC_OPTIMIZATION_LEVEL = 0;
				GCC_PREPROCESSOR_DEFINITIONS = (
					"DEBUG=1",
					"$(inherited)",
				);
				GCC_WARN_64_TO_32_BIT_CONVERSION = YES;
				GCC_WARN_ABOUT_RETURN_TYPE = YES_ERROR;
				GCC_WARN_UNDECLARED_SELECTOR = YES;
				GCC_WARN_UNINITIALIZED_AUTOS = YES_AGGRESSIVE;
				GCC_WARN_UNUSED_FUNCTION = YES;
				GCC_WARN_UNUSED_VARIABLE = YES;
				IPHONEOS_DEPLOYMENT_TARGET = 13.2;
				MTL_ENABLE_DEBUG_INFO = INCLUDE_SOURCE;
				MTL_FAST_MATH = YES;
				ONLY_ACTIVE_ARCH = YES;
				SDKROOT = iphoneos;
				SWIFT_ACTIVE_COMPILATION_CONDITIONS = DEBUG;
				SWIFT_OPTIMIZATION_LEVEL = "-Onone";
			};
			name = Debug;
		};
		766B398623D5A16100F2DA5F /* Release */ = {
			isa = XCBuildConfiguration;
			buildSettings = {
				ALWAYS_SEARCH_USER_PATHS = NO;
				CLANG_ANALYZER_LOCALIZABILITY_NONLOCALIZED = YES;
				CLANG_ANALYZER_NONNULL = YES;
				CLANG_ANALYZER_NUMBER_OBJECT_CONVERSION = YES_AGGRESSIVE;
				CLANG_CXX_LANGUAGE_STANDARD = "gnu++14";
				CLANG_CXX_LIBRARY = "libc++";
				CLANG_ENABLE_MODULES = YES;
				CLANG_ENABLE_OBJC_ARC = YES;
				CLANG_ENABLE_OBJC_WEAK = YES;
				CLANG_WARN_BLOCK_CAPTURE_AUTORELEASING = YES;
				CLANG_WARN_BOOL_CONVERSION = YES;
				CLANG_WARN_COMMA = YES;
				CLANG_WARN_CONSTANT_CONVERSION = YES;
				CLANG_WARN_DEPRECATED_OBJC_IMPLEMENTATIONS = YES;
				CLANG_WARN_DIRECT_OBJC_ISA_USAGE = YES_ERROR;
				CLANG_WARN_DOCUMENTATION_COMMENTS = YES;
				CLANG_WARN_EMPTY_BODY = YES;
				CLANG_WARN_ENUM_CONVERSION = YES;
				CLANG_WARN_INFINITE_RECURSION = YES;
				CLANG_WARN_INT_CONVERSION = YES;
				CLANG_WARN_NON_LITERAL_NULL_CONVERSION = YES;
				CLANG_WARN_OBJC_IMPLICIT_RETAIN_SELF = YES;
				CLANG_WARN_OBJC_LITERAL_CONVERSION = YES;
				CLANG_WARN_OBJC_ROOT_CLASS = YES_ERROR;
				CLANG_WARN_RANGE_LOOP_ANALYSIS = YES;
				CLANG_WARN_STRICT_PROTOTYPES = YES;
				CLANG_WARN_SUSPICIOUS_MOVE = YES;
				CLANG_WARN_UNGUARDED_AVAILABILITY = YES_AGGRESSIVE;
				CLANG_WARN_UNREACHABLE_CODE = YES;
				CLANG_WARN__DUPLICATE_METHOD_MATCH = YES;
				COPY_PHASE_STRIP = NO;
				DEBUG_INFORMATION_FORMAT = "dwarf-with-dsym";
				ENABLE_NS_ASSERTIONS = NO;
				ENABLE_STRICT_OBJC_MSGSEND = YES;
				GCC_C_LANGUAGE_STANDARD = gnu11;
				GCC_NO_COMMON_BLOCKS = YES;
				GCC_WARN_64_TO_32_BIT_CONVERSION = YES;
				GCC_WARN_ABOUT_RETURN_TYPE = YES_ERROR;
				GCC_WARN_UNDECLARED_SELECTOR = YES;
				GCC_WARN_UNINITIALIZED_AUTOS = YES_AGGRESSIVE;
				GCC_WARN_UNUSED_FUNCTION = YES;
				GCC_WARN_UNUSED_VARIABLE = YES;
				IPHONEOS_DEPLOYMENT_TARGET = 13.2;
				MTL_ENABLE_DEBUG_INFO = NO;
				MTL_FAST_MATH = YES;
				SDKROOT = iphoneos;
				SWIFT_COMPILATION_MODE = wholemodule;
				SWIFT_OPTIMIZATION_LEVEL = "-O";
				VALIDATE_PRODUCT = YES;
			};
			name = Release;
		};
		766B398823D5A16100F2DA5F /* Debug */ = {
			isa = XCBuildConfiguration;
			baseConfigurationReference = D6B1E16B22D953DD14F583D1 /* Pods-WebcashStore_SettingsAndRecentVisited.debug.xcconfig */;
			buildSettings = {
				ASSETCATALOG_COMPILER_APPICON_NAME = AppIcon;
				CODE_SIGN_STYLE = Automatic;
				CURRENT_PROJECT_VERSION = 1;
				DEVELOPMENT_TEAM = DL7DPUW7R9;
				INFOPLIST_FILE = WebcashStore_SettingsAndRecentVisited/Resource/Info.plist;
				IPHONEOS_DEPLOYMENT_TARGET = 10.0;
				LD_RUNPATH_SEARCH_PATHS = (
					"$(inherited)",
					"@executable_path/Frameworks",
				);
				MARKETING_VERSION = 1.0;
				PRODUCT_BUNDLE_IDENTIFIER = "com.webcash.WebcashStore-SettingsAndRecentVisited";
				PRODUCT_NAME = "$(TARGET_NAME)";
				SWIFT_VERSION = 5.0;
				TARGETED_DEVICE_FAMILY = 1;
			};
			name = Debug;
		};
		766B398923D5A16100F2DA5F /* Release */ = {
			isa = XCBuildConfiguration;
			baseConfigurationReference = 0658E39DEE6DF45A4856C67D /* Pods-WebcashStore_SettingsAndRecentVisited.release.xcconfig */;
			buildSettings = {
				ASSETCATALOG_COMPILER_APPICON_NAME = AppIcon;
				CODE_SIGN_STYLE = Automatic;
				CURRENT_PROJECT_VERSION = 1;
				DEVELOPMENT_TEAM = DL7DPUW7R9;
				INFOPLIST_FILE = WebcashStore_SettingsAndRecentVisited/Resource/Info.plist;
				IPHONEOS_DEPLOYMENT_TARGET = 10.0;
				LD_RUNPATH_SEARCH_PATHS = (
					"$(inherited)",
					"@executable_path/Frameworks",
				);
				MARKETING_VERSION = 1.0;
				PRODUCT_BUNDLE_IDENTIFIER = "com.webcash.WebcashStore-SettingsAndRecentVisited";
				PRODUCT_NAME = "$(TARGET_NAME)";
				SWIFT_VERSION = 5.0;
				TARGETED_DEVICE_FAMILY = 1;
			};
			name = Release;
		};
/* End XCBuildConfiguration section */

/* Begin XCConfigurationList section */
		766B396E23D5A16000F2DA5F /* Build configuration list for PBXProject "WebcashStore_SettingsAndRecentVisited" */ = {
			isa = XCConfigurationList;
			buildConfigurations = (
				766B398523D5A16100F2DA5F /* Debug */,
				766B398623D5A16100F2DA5F /* Release */,
			);
			defaultConfigurationIsVisible = 0;
			defaultConfigurationName = Release;
		};
		766B398723D5A16100F2DA5F /* Build configuration list for PBXNativeTarget "WebcashStore_SettingsAndRecentVisited" */ = {
			isa = XCConfigurationList;
			buildConfigurations = (
				766B398823D5A16100F2DA5F /* Debug */,
				766B398923D5A16100F2DA5F /* Release */,
			);
			defaultConfigurationIsVisible = 0;
			defaultConfigurationName = Release;
		};
/* End XCConfigurationList section */
	};
	rootObject = 766B396B23D5A16000F2DA5F /* Project object */;
}
